PODS:
  - background_fetch (1.7.0):
    - Flutter
    - TSBackgroundFetch (~> 4.1.0)
  - Flutter (1.0.0)
  - flutter_local_notifications (0.0.1):
    - Flutter
  - flutter_secure_storage_darwin (10.0.0):
    - Flutter
    - FlutterMacOS
  - flutter_timezone (0.0.1):
    - Flutter
  - shared_preferences_foundation (0.0.1):
    - Flutter
    - FlutterMacOS
  - TSBackgroundFetch (4.1.1)

DEPENDENCIES:
  - background_fetch (from `.symlinks/plugins/background_fetch/ios`)
  - Flutter (from `Flutter`)
  - flutter_local_notifications (from `.symlinks/plugins/flutter_local_notifications/ios`)
  - flutter_secure_storage_darwin (from `.symlinks/plugins/flutter_secure_storage_darwin/darwin`)
  - flutter_timezone (from `.symlinks/plugins/flutter_timezone/ios`)
  - shared_preferences_foundation (from `.symlinks/plugins/shared_preferences_foundation/darwin`)

SPEC REPOS:
  trunk:
    - TSBackgroundFetch

EXTERNAL SOURCES:
  background_fetch:
    :path: ".symlinks/plugins/background_fetch/ios"
  Flutter:
    :path: Flutter
  flutter_local_notifications:
    :path: ".symlinks/plugins/flutter_local_notifications/ios"
  flutter_secure_storage_darwin:
    :path: ".symlinks/plugins/flutter_secure_storage_darwin/darwin"
  flutter_timezone:
    :path: ".symlinks/plugins/flutter_timezone/ios"
  shared_preferences_foundation:
    :path: ".symlinks/plugins/shared_preferences_foundation/darwin"

SPEC CHECKSUMS:
  background_fetch: b273c4b6911fc2e309790b46b5658b7edc40b73b
  Flutter: cabc95a1d2626b1b06e7179b784ebcf0c0cde467
  flutter_local_notifications: 643a3eda1ce1c0599413ca31672536d423dee214
  flutter_secure_storage_darwin: acdb3f316ed05a3e68f856e0353b133eec373a23
  flutter_timezone: 7c838e17ffd4645d261e87037e5bebf6d38fe544
  shared_preferences_foundation: 7036424c3d8ec98dfe75ff1667cb0cd531ec82bb
  TSBackgroundFetch: 18918b6449a1e3f01eb0f5b44d6d79ce6160a5a5

PODFILE CHECKSUM: 47a757a7853adf00f34d8294fd2037725e0d47ac

COCOAPODS: 1.16.2
